{
  "name": "github-action-test",
  "version": "1.0.0",
  "lockfileVersion": 1,
  "requires": true,
  "dependencies": {
    "ignore": {
      "version": "5.2.4",
      "resolved": "https://repo.dev.wixpress.com/artifactory/api/npm/npm-repos/ignore/-/ignore-5.2.4.tgz",
      "integrity": "sha1-opHAxheP8blgvv5H/N7DAWdKYyQ="
    }
  }
}
